
Microsoft Visual Studio Solution File, Format Version 12.00
# Visual Studio 15
VisualStudioVersion = 15.0.28010.2036
MinimumVisualStudioVersion = 10.0.40219.1
Project("{FAE04EC0-301F-11D3-BF4B-00C04F79EFBC}") = "CitiesWebAPI", "CitiesWebAPI\CitiesWebAPI.csproj", "{F6BF340D-2ABD-4934-A2CD-169BD0F4EAF3}"
EndProject
Global
	GlobalSection(SolutionConfigurationPlatforms) = preSolution
		Debug|Any CPU = Debug|Any CPU
		Release|Any CPU = Release|Any CPU
	EndGlobalSection
	GlobalSection(ProjectConfigurationPlatforms) = postSolution
		{F6BF340D-2ABD-4934-A2CD-169BD0F4EAF3}.Debug|Any CPU.ActiveCfg = Debug|Any CPU
		{F6BF340D-2ABD-4934-A2CD-169BD0F4EAF3}.Debug|Any CPU.Build.0 = Debug|Any CPU
		{F6BF340D-2ABD-4934-A2CD-169BD0F4EAF3}.Release|Any CPU.ActiveCfg = Release|Any CPU
		{F6BF340D-2ABD-4934-A2CD-169BD0F4EAF3}.Release|Any CPU.Build.0 = Release|Any CPU
	EndGlobalSection
	GlobalSection(SolutionProperties) = preSolution
		HideSolutionNode = FALSE
	EndGlobalSection
	GlobalSection(ExtensibilityGlobals) = postSolution
		SolutionGuid = {57407B2D-ABC0-4790-A552-9B289001A0A5}
	EndGlobalSection
EndGlobal
